<?xml version="1.0" encoding="UTF-8"?>
<Scheme
   version = "1.7">
   <BuildAction
      parallelizeBuildables = "YES"
      buildImplicitDependencies = "YES">
      <BuildActionEntries>
         <BuildActionEntry
            buildForTesting = "YES"
            buildForRunning = "YES"
            buildForProfiling = "YES"
            buildForArchiving = "YES"
            buildForAnalyzing = "YES">
            <BuildableReference
               BuildableIdentifier = "primary"
               BlueprintIdentifier = "6DCA845B1636BFBC0091D31F"
               BuildableName = "CubeClassifier"
               BlueprintName = "CubeClassifier"
               ReferencedContainer = "container:CubeClassifier.xcodeproj">
            </BuildableReference>
         </BuildActionEntry>
      </BuildActionEntries>
   </BuildAction>
   <TestAction
      selectedDebuggerIdentifier = "Xcode.DebuggerFoundation.Debugger.GDB"
      selectedLauncherIdentifier = "Xcode.DebuggerFoundation.Launcher.GDB"
      shouldUseLaunchSchemeArgsEnv = "YES"
      buildConfiguration = "Debug">
      <Testables>
      </Testables>
      <MacroExpansion>
         <BuildableReference
            BuildableIdentifier = "primary"
            BlueprintIdentifier = "6DCA845B1636BFBC0091D31F"
            BuildableName = "CubeClassifier"
            BlueprintName = "CubeClassifier"
            ReferencedContainer = "container:CubeClassifier.xcodeproj">
         </BuildableReference>
      </MacroExpansion>
   </TestAction>
   <LaunchAction
      selectedDebuggerIdentifier = "Xcode.DebuggerFoundation.Debugger.GDB"
      selectedLauncherIdentifier = "Xcode.DebuggerFoundation.Launcher.GDB"
      launchStyle = "0"
      useCustomWorkingDirectory = "NO"
      buildConfiguration = "Debug"
      debugDocumentVersioning = "YES"
      allowLocationSimulation = "YES">
      <PreActions>
         <ExecutionAction
            ActionType = "Xcode.IDEStandardExecutionActionsCore.ExecutionActionType.ShellScriptAction">
            <ActionContent
               title = "Run Script"
               scriptText = "/Users/jonathanmiller/Desktop/CubeClassifier/env-shell.sh">
               <EnvironmentBuildable>
                  <BuildableReference
                     BuildableIdentifier = "primary"
                     BlueprintIdentifier = "6DCA845B1636BFBC0091D31F"
                     BuildableName = "CubeClassifier"
                     BlueprintName = "CubeClassifier"
                     ReferencedContainer = "container:CubeClassifier.xcodeproj">
                  </BuildableReference>
               </EnvironmentBuildable>
            </ActionContent>
         </ExecutionAction>
         <ExecutionAction
            ActionType = "Xcode.IDEStandardExecutionActionsCore.ExecutionActionType.ShellScriptAction">
            <ActionContent
               title = "Run Script"
               scriptText = "/Users/jonathanmiller/Desktop/CubeClassifier/test.sh">
               <EnvironmentBuildable>
                  <BuildableReference
                     BuildableIdentifier = "primary"
                     BlueprintIdentifier = "6DCA845B1636BFBC0091D31F"
                     BuildableName = "CubeClassifier"
                     BlueprintName = "CubeClassifier"
                     ReferencedContainer = "container:CubeClassifier.xcodeproj">
                  </BuildableReference>
               </EnvironmentBuildable>
            </ActionContent>
         </ExecutionAction>
      </PreActions>
      <BuildableProductRunnable>
         <BuildableReference
            BuildableIdentifier = "primary"
            BlueprintIdentifier = "6DCA845B1636BFBC0091D31F"
            BuildableName = "CubeClassifier"
            BlueprintName = "CubeClassifier"
            ReferencedContainer = "container:CubeClassifier.xcodeproj">
         </BuildableReference>
      </BuildableProductRunnable>
      <EnvironmentVariables>
         <EnvironmentVariable
            key = "LD_LIBRARY_PATH"
            value = "/Users/jonathanmiller/icerec_v040200/build/lib:/Users/jonathanmiller/icerec_v040200/build/lib/tools:/Users/jonathanmiller/i3/ports//root-v5.28.00/lib:$LD_LIBRARY_PATH"
            isEnabled = "YES">
         </EnvironmentVariable>
         <EnvironmentVariable
            key = "PATH"
            value = "/Users/jonathanmiller/icerec_v040200/build/bin:/Users/jonathanmiller/i3/ports//root-v5.28.00/bin:$_I3_PORTS/bin:$PATH"
            isEnabled = "YES">
         </EnvironmentVariable>
         <EnvironmentVariable
            key = "DYLD_LIBRARY_PATH"
            value = "/Users/jonathanmiller/icerec_v040200/build/lib:/Users/jonathanmiller/icerec_v040200/build/lib/tools:/Users/jonathanmiller/i3/ports//root-v5.28.00/lib:$_I3_PORTS/lib:$DYLD_LIBRARY_PATH"
            isEnabled = "YES">
         </EnvironmentVariable>
         <EnvironmentVariable
            key = "ROOTSYS"
            value = "/Users/jonathanmiller/i3/ports//root-v5.28.00"
            isEnabled = "YES">
         </EnvironmentVariable>
      </EnvironmentVariables>
      <AdditionalOptions>
         <AdditionalOption
            key = "DYLD_PRINT_LIBRARIES"
            value = ""
            isEnabled = "YES">
         </AdditionalOption>
         <AdditionalOption
            key = "DYLD_PRINT_APIS"
            value = ""
            isEnabled = "YES">
         </AdditionalOption>
      </AdditionalOptions>
   </LaunchAction>
   <ProfileAction
      shouldUseLaunchSchemeArgsEnv = "YES"
      savedToolIdentifier = ""
      useCustomWorkingDirectory = "NO"
      buildConfiguration = "Release"
      debugDocumentVersioning = "YES">
      <BuildableProductRunnable>
         <BuildableReference
            BuildableIdentifier = "primary"
            BlueprintIdentifier = "6DCA845B1636BFBC0091D31F"
            BuildableName = "CubeClassifier"
            BlueprintName = "CubeClassifier"
            ReferencedContainer = "container:CubeClassifier.xcodeproj">
         </BuildableReference>
      </BuildableProductRunnable>
   </ProfileAction>
   <AnalyzeAction
      buildConfiguration = "Debug">
   </AnalyzeAction>
   <ArchiveAction
      buildConfiguration = "Release"
      revealArchiveInOrganizer = "YES">
   </ArchiveAction>
</Scheme>
