// !$*UTF8*$!
{
	archiveVersion = 1;
	classes = {
	};
	objectVersion = 46;
	objects = {

/* Begin PBXBuildFile section */
		6D1E1FD816FA2B9D001AB4F0 /* Eval.cpp in Sources */ = {isa = PBXBuildFile; fileRef = 6DCA85DF1639B0820091D31F /* Eval.cpp */; };
		6D5E7BB916F2AF1E008722A3 /* main.cpp in Sources */ = {isa = PBXBuildFile; fileRef = 6D5E7BB816F2AF1E008722A3 /* main.cpp */; };
		6D5E7BC316F2B309008722A3 /* CreateTestTree.cpp in Sources */ = {isa = PBXBuildFile; fileRef = 6D5E7BC216F2B309008722A3 /* CreateTestTree.cpp */; };
		6DCA84721636BFEE0091D31F /* main.cpp in Sources */ = {isa = PBXBuildFile; fileRef = 6DCA84691636BFEE0091D31F /* main.cpp */; };
		6DCA84731636BFEE0091D31F /* normdata.cl in Sources */ = {isa = PBXBuildFile; fileRef = 6DCA846A1636BFEE0091D31F /* normdata.cl */; };
		6DCA84741636BFEE0091D31F /* fillcube.cl in Sources */ = {isa = PBXBuildFile; fileRef = 6DCA846B1636BFEE0091D31F /* fillcube.cl */; };
		6DCA84751636BFEE0091D31F /* calccuberesult.cl in Sources */ = {isa = PBXBuildFile; fileRef = 6DCA846C1636BFEE0091D31F /* calccuberesult.cl */; };
		6DCA84761636BFEE0091D31F /* Cube.cpp in Sources */ = {isa = PBXBuildFile; fileRef = 6DCA846E1636BFEE0091D31F /* Cube.cpp */; };
		6DCA84771636BFEE0091D31F /* Data.cpp in Sources */ = {isa = PBXBuildFile; fileRef = 6DCA84701636BFEE0091D31F /* Data.cpp */; };
		6DCA84791636C3480091D31F /* OpenCL.framework in Frameworks */ = {isa = PBXBuildFile; fileRef = 6DCA84781636C3480091D31F /* OpenCL.framework */; };
		6DCA85E8163A96740091D31F /* fillcube2.cl in Sources */ = {isa = PBXBuildFile; fileRef = 6DCA85E7163A96740091D31F /* fillcube2.cl */; };
		6DCA85EA163A96820091D31F /* fillcube3.cl in Sources */ = {isa = PBXBuildFile; fileRef = 6DCA85E9163A96810091D31F /* fillcube3.cl */; };
		6DCA85ED163AD32D0091D31F /* Interface.h in Sources */ = {isa = PBXBuildFile; fileRef = 6DCA85DB163976ED0091D31F /* Interface.h */; };
		6DCA85EE163AD3320091D31F /* Interface.cpp in Sources */ = {isa = PBXBuildFile; fileRef = 6DCA85DC1639774A0091D31F /* Interface.cpp */; };
		6DCA85F0163DB8EE0091D31F /* fillcubefull.cl in Sources */ = {isa = PBXBuildFile; fileRef = 6DCA85EF163DB8EE0091D31F /* fillcubefull.cl */; };
		6DCA85F3163DB9E70091D31F /* fillcube3full.cl in Sources */ = {isa = PBXBuildFile; fileRef = 6DCA85F2163DB98C0091D31F /* fillcube3full.cl */; };
		6DCA85F4163DB9E90091D31F /* fillcube2full.cl in Sources */ = {isa = PBXBuildFile; fileRef = 6DCA85F1163DB9810091D31F /* fillcube2full.cl */; };
		6DF31D5C16D3F8CE001E9151 /* BaseClassifier.cpp in Sources */ = {isa = PBXBuildFile; fileRef = 6DCA85E4163A929A0091D31F /* BaseClassifier.cpp */; };
		6DF37B0216F24773006C5F17 /* Classify.cpp in Sources */ = {isa = PBXBuildFile; fileRef = 6DCA85E11639B0900091D31F /* Classify.cpp */; };
		D00F587917C2B93800AD99C6 /* main.cpp in Sources */ = {isa = PBXBuildFile; fileRef = D037716817BEA9AC00C05518 /* main.cpp */; };
		D00F589617C2BC4100AD99C6 /* main.cpp in Sources */ = {isa = PBXBuildFile; fileRef = 6D5E7BB816F2AF1E008722A3 /* main.cpp */; };
		D00F589717C2BC4600AD99C6 /* CreateTestTree.cpp in Sources */ = {isa = PBXBuildFile; fileRef = 6D5E7BC216F2B309008722A3 /* CreateTestTree.cpp */; };
		D00F589D17C2ED2000AD99C6 /* IO.cpp in Sources */ = {isa = PBXBuildFile; fileRef = D00F589B17C2ED2000AD99C6 /* IO.cpp */; };
		D042ABC61BF25E7C00C2E532 /* PreProcess.cpp in Sources */ = {isa = PBXBuildFile; fileRef = D042ABC41BF25E7C00C2E532 /* PreProcess.cpp */; settings = {ASSET_TAGS = (); }; };
		D089CF151C040C510038793C /* Base.cpp in Sources */ = {isa = PBXBuildFile; fileRef = D089CF131C040C510038793C /* Base.cpp */; settings = {ASSET_TAGS = (); }; };
/* End PBXBuildFile section */

/* Begin PBXCopyFilesBuildPhase section */
		6D5E7BB316F2AF1E008722A3 /* CopyFiles */ = {
			isa = PBXCopyFilesBuildPhase;
			buildActionMask = 8;
			dstPath = /usr/share/man/man1/;
			dstSubfolderSpec = 0;
			files = (
			);
			runOnlyForDeploymentPostprocessing = 1;
		};
		6DCA845A1636BFBC0091D31F /* CopyFiles */ = {
			isa = PBXCopyFilesBuildPhase;
			buildActionMask = 2147483647;
			dstPath = /usr/share/man/man1/;
			dstSubfolderSpec = 0;
			files = (
			);
			runOnlyForDeploymentPostprocessing = 1;
		};
		D00F587317C2B8DD00AD99C6 /* CopyFiles */ = {
			isa = PBXCopyFilesBuildPhase;
			buildActionMask = 2147483647;
			dstPath = /usr/share/man/man1/;
			dstSubfolderSpec = 0;
			files = (
			);
			runOnlyForDeploymentPostprocessing = 1;
		};
		D00F589117C2BBE800AD99C6 /* CopyFiles */ = {
			isa = PBXCopyFilesBuildPhase;
			buildActionMask = 2147483647;
			dstPath = /usr/share/man/man1/;
			dstSubfolderSpec = 0;
			files = (
			);
			runOnlyForDeploymentPostprocessing = 1;
		};
/* End PBXCopyFilesBuildPhase section */

/* Begin PBXFileReference section */
		6D1E1FDA17032827001AB4F0 /* DefaultTest.root */ = {isa = PBXFileReference; lastKnownFileType = file; name = DefaultTest.root; path = CubeClassifier/DefaultTest.root; sourceTree = "<group>"; };
		6D1E1FDB17032861001AB4F0 /* classify_output.root */ = {isa = PBXFileReference; lastKnownFileType = file; name = classify_output.root; path = CubeClassifier/classify_output.root; sourceTree = "<group>"; };
		6D5E7BB516F2AF1E008722A3 /* CreateTestTree */ = {isa = PBXFileReference; explicitFileType = "compiled.mach-o.executable"; includeInIndex = 0; path = CreateTestTree; sourceTree = BUILT_PRODUCTS_DIR; };
		6D5E7BB816F2AF1E008722A3 /* main.cpp */ = {isa = PBXFileReference; lastKnownFileType = sourcecode.cpp.cpp; path = main.cpp; sourceTree = "<group>"; };
		6D5E7BBA16F2AF1E008722A3 /* CreateTestTree.1 */ = {isa = PBXFileReference; lastKnownFileType = text.man; path = CreateTestTree.1; sourceTree = "<group>"; };
		6D5E7BC216F2B309008722A3 /* CreateTestTree.cpp */ = {isa = PBXFileReference; fileEncoding = 4; lastKnownFileType = sourcecode.cpp.cpp; path = CreateTestTree.cpp; sourceTree = "<group>"; };
		6D5E7BC416F2B322008722A3 /* CreateTestTree.h */ = {isa = PBXFileReference; fileEncoding = 4; lastKnownFileType = sourcecode.c.h; path = CreateTestTree.h; sourceTree = "<group>"; };
		6D7E2CE816F22B71005C88AA /* DefaultFileList.txt */ = {isa = PBXFileReference; explicitFileType = text; fileEncoding = 4; path = DefaultFileList.txt; sourceTree = "<group>"; };
		6D7E2CE916F22C69005C88AA /* DefaultVarList.txt */ = {isa = PBXFileReference; fileEncoding = 4; lastKnownFileType = text; path = DefaultVarList.txt; sourceTree = "<group>"; };
		6D7E2CEB16F22DA4005C88AA /* DefaultSettings.txt */ = {isa = PBXFileReference; fileEncoding = 4; lastKnownFileType = text; path = DefaultSettings.txt; sourceTree = "<group>"; };
		6DCA845C1636BFBC0091D31F /* CubeClassifier */ = {isa = PBXFileReference; explicitFileType = "compiled.mach-o.executable"; includeInIndex = 0; path = CubeClassifier; sourceTree = BUILT_PRODUCTS_DIR; };
		6DCA84691636BFEE0091D31F /* main.cpp */ = {isa = PBXFileReference; fileEncoding = 4; lastKnownFileType = sourcecode.cpp.cpp; path = main.cpp; sourceTree = SOURCE_ROOT; };
		6DCA846A1636BFEE0091D31F /* normdata.cl */ = {isa = PBXFileReference; fileEncoding = 4; lastKnownFileType = sourcecode.opencl; path = normdata.cl; sourceTree = SOURCE_ROOT; };
		6DCA846B1636BFEE0091D31F /* fillcube.cl */ = {isa = PBXFileReference; fileEncoding = 4; lastKnownFileType = sourcecode.opencl; path = fillcube.cl; sourceTree = SOURCE_ROOT; };
		6DCA846C1636BFEE0091D31F /* calccuberesult.cl */ = {isa = PBXFileReference; fileEncoding = 4; lastKnownFileType = sourcecode.opencl; path = calccuberesult.cl; sourceTree = SOURCE_ROOT; };
		6DCA846D1636BFEE0091D31F /* Cube.h */ = {isa = PBXFileReference; fileEncoding = 4; lastKnownFileType = sourcecode.c.h; path = Cube.h; sourceTree = SOURCE_ROOT; };
		6DCA846E1636BFEE0091D31F /* Cube.cpp */ = {isa = PBXFileReference; fileEncoding = 4; lastKnownFileType = sourcecode.cpp.cpp; path = Cube.cpp; sourceTree = SOURCE_ROOT; };
		6DCA846F1636BFEE0091D31F /* Data.h */ = {isa = PBXFileReference; fileEncoding = 4; lastKnownFileType = sourcecode.c.h; path = Data.h; sourceTree = SOURCE_ROOT; };
		6DCA84701636BFEE0091D31F /* Data.cpp */ = {isa = PBXFileReference; fileEncoding = 4; lastKnownFileType = sourcecode.cpp.cpp; path = Data.cpp; sourceTree = SOURCE_ROOT; };
		6DCA84711636BFEE0091D31F /* CubeClassifier.1 */ = {isa = PBXFileReference; fileEncoding = 4; lastKnownFileType = text.man; path = CubeClassifier.1; sourceTree = SOURCE_ROOT; };
		6DCA84781636C3480091D31F /* OpenCL.framework */ = {isa = PBXFileReference; lastKnownFileType = wrapper.framework; name = OpenCL.framework; path = ../../../../System/Library/Frameworks/OpenCL.framework; sourceTree = "<group>"; };
		6DCA85DB163976ED0091D31F /* Interface.h */ = {isa = PBXFileReference; fileEncoding = 4; lastKnownFileType = sourcecode.c.h; path = Interface.h; sourceTree = "<group>"; };
		6DCA85DC1639774A0091D31F /* Interface.cpp */ = {isa = PBXFileReference; fileEncoding = 4; lastKnownFileType = sourcecode.cpp.cpp; path = Interface.cpp; sourceTree = "<group>"; };
		6DCA85DE1639B06D0091D31F /* Eval.h */ = {isa = PBXFileReference; fileEncoding = 4; lastKnownFileType = sourcecode.c.h; path = Eval.h; sourceTree = "<group>"; };
		6DCA85DF1639B0820091D31F /* Eval.cpp */ = {isa = PBXFileReference; fileEncoding = 4; lastKnownFileType = sourcecode.cpp.cpp; path = Eval.cpp; sourceTree = "<group>"; };
		6DCA85E11639B0900091D31F /* Classify.cpp */ = {isa = PBXFileReference; fileEncoding = 4; lastKnownFileType = sourcecode.cpp.cpp; path = Classify.cpp; sourceTree = "<group>"; };
		6DCA85E31639B09F0091D31F /* Classify.h */ = {isa = PBXFileReference; fileEncoding = 4; lastKnownFileType = sourcecode.c.h; path = Classify.h; sourceTree = "<group>"; };
		6DCA85E4163A929A0091D31F /* BaseClassifier.cpp */ = {isa = PBXFileReference; fileEncoding = 4; lastKnownFileType = sourcecode.cpp.cpp; path = BaseClassifier.cpp; sourceTree = "<group>"; };
		6DCA85E6163A92A80091D31F /* BaseClassifier.h */ = {isa = PBXFileReference; fileEncoding = 4; lastKnownFileType = sourcecode.c.h; path = BaseClassifier.h; sourceTree = "<group>"; };
		6DCA85E7163A96740091D31F /* fillcube2.cl */ = {isa = PBXFileReference; fileEncoding = 4; lastKnownFileType = sourcecode.opencl; path = fillcube2.cl; sourceTree = "<group>"; };
		6DCA85E9163A96810091D31F /* fillcube3.cl */ = {isa = PBXFileReference; fileEncoding = 4; lastKnownFileType = sourcecode.opencl; path = fillcube3.cl; sourceTree = "<group>"; };
		6DCA85EF163DB8EE0091D31F /* fillcubefull.cl */ = {isa = PBXFileReference; fileEncoding = 4; lastKnownFileType = sourcecode.opencl; path = fillcubefull.cl; sourceTree = "<group>"; };
		6DCA85F1163DB9810091D31F /* fillcube2full.cl */ = {isa = PBXFileReference; fileEncoding = 4; lastKnownFileType = sourcecode.opencl; path = fillcube2full.cl; sourceTree = "<group>"; };
		6DCA85F2163DB98C0091D31F /* fillcube3full.cl */ = {isa = PBXFileReference; fileEncoding = 4; lastKnownFileType = sourcecode.opencl; path = fillcube3full.cl; sourceTree = "<group>"; };
		6DE3663C16F68C8500FDC831 /* DefaultBackground.root */ = {isa = PBXFileReference; lastKnownFileType = file; name = DefaultBackground.root; path = CubeClassifier/DefaultBackground.root; sourceTree = "<group>"; };
		6DE3663D16F68C8500FDC831 /* DefaultSignal.root */ = {isa = PBXFileReference; lastKnownFileType = file; name = DefaultSignal.root; path = CubeClassifier/DefaultSignal.root; sourceTree = "<group>"; };
		D00F587717C2B8DD00AD99C6 /* Example */ = {isa = PBXFileReference; explicitFileType = "compiled.mach-o.executable"; includeInIndex = 0; path = Example; sourceTree = BUILT_PRODUCTS_DIR; };
		D00F589517C2BBE800AD99C6 /* CreateTestTree */ = {isa = PBXFileReference; explicitFileType = "compiled.mach-o.executable"; includeInIndex = 0; path = CreateTestTree; sourceTree = BUILT_PRODUCTS_DIR; };
		D00F589B17C2ED2000AD99C6 /* IO.cpp */ = {isa = PBXFileReference; fileEncoding = 4; lastKnownFileType = sourcecode.cpp.cpp; path = IO.cpp; sourceTree = "<group>"; };
		D00F589C17C2ED2000AD99C6 /* IO.h */ = {isa = PBXFileReference; fileEncoding = 4; lastKnownFileType = sourcecode.c.h; path = IO.h; sourceTree = "<group>"; };
		D037716817BEA9AC00C05518 /* main.cpp */ = {isa = PBXFileReference; lastKnownFileType = sourcecode.cpp.cpp; path = main.cpp; sourceTree = "<group>"; };
		D037716A17BEA9AC00C05518 /* Example.1 */ = {isa = PBXFileReference; lastKnownFileType = text.man; path = Example.1; sourceTree = "<group>"; };
		D037719A17BEB3C300C05518 /* results.root */ = {isa = PBXFileReference; lastKnownFileType = file; name = results.root; path = CubeClassifier/results.root; sourceTree = "<group>"; };
		D042ABC41BF25E7C00C2E532 /* PreProcess.cpp */ = {isa = PBXFileReference; fileEncoding = 4; lastKnownFileType = sourcecode.cpp.cpp; path = PreProcess.cpp; sourceTree = "<group>"; };
		D042ABC51BF25E7C00C2E532 /* PreProcess.hpp */ = {isa = PBXFileReference; fileEncoding = 4; lastKnownFileType = sourcecode.cpp.h; path = PreProcess.hpp; sourceTree = "<group>"; };
		D089CF131C040C510038793C /* Base.cpp */ = {isa = PBXFileReference; fileEncoding = 4; lastKnownFileType = sourcecode.cpp.cpp; name = Base.cpp; path = ../Base.cpp; sourceTree = "<group>"; };
		D089CF141C040C510038793C /* Base.hpp */ = {isa = PBXFileReference; fileEncoding = 4; lastKnownFileType = sourcecode.cpp.h; name = Base.hpp; path = ../Base.hpp; sourceTree = "<group>"; };
/* End PBXFileReference section */

/* Begin PBXFrameworksBuildPhase section */
		6D5E7BB216F2AF1E008722A3 /* Frameworks */ = {
			isa = PBXFrameworksBuildPhase;
			buildActionMask = 2147483647;
			files = (
			);
			runOnlyForDeploymentPostprocessing = 0;
		};
		6DCA84591636BFBC0091D31F /* Frameworks */ = {
			isa = PBXFrameworksBuildPhase;
			buildActionMask = 2147483647;
			files = (
				6DCA84791636C3480091D31F /* OpenCL.framework in Frameworks */,
			);
			runOnlyForDeploymentPostprocessing = 0;
		};
		D00F587A17C2B94D00AD99C6 /* Frameworks */ = {
			isa = PBXFrameworksBuildPhase;
			buildActionMask = 2147483647;
			files = (
			);
			runOnlyForDeploymentPostprocessing = 0;
		};
		D00F588F17C2BBE800AD99C6 /* Frameworks */ = {
			isa = PBXFrameworksBuildPhase;
			buildActionMask = 2147483647;
			files = (
			);
			runOnlyForDeploymentPostprocessing = 0;
		};
/* End PBXFrameworksBuildPhase section */

/* Begin PBXGroup section */
		6D5E7BB716F2AF1E008722A3 /* CreateTestTree */ = {
			isa = PBXGroup;
			children = (
				6D5E7BB816F2AF1E008722A3 /* main.cpp */,
				6D5E7BBA16F2AF1E008722A3 /* CreateTestTree.1 */,
				6D5E7BC216F2B309008722A3 /* CreateTestTree.cpp */,
				6D5E7BC416F2B322008722A3 /* CreateTestTree.h */,
			);
			path = CreateTestTree;
			sourceTree = "<group>";
		};
		6DCA84511636BFBC0091D31F = {
			isa = PBXGroup;
			children = (
				D037719A17BEB3C300C05518 /* results.root */,
				6D1E1FDB17032861001AB4F0 /* classify_output.root */,
				6D1E1FDA17032827001AB4F0 /* DefaultTest.root */,
				6DE3663C16F68C8500FDC831 /* DefaultBackground.root */,
				6DE3663D16F68C8500FDC831 /* DefaultSignal.root */,
				6D7E2CEB16F22DA4005C88AA /* DefaultSettings.txt */,
				6D7E2CE916F22C69005C88AA /* DefaultVarList.txt */,
				6D7E2CE816F22B71005C88AA /* DefaultFileList.txt */,
				6DCA84781636C3480091D31F /* OpenCL.framework */,
				6DCA845F1636BFBC0091D31F /* CubeClassifier */,
				6D5E7BB716F2AF1E008722A3 /* CreateTestTree */,
				D037716717BEA9AC00C05518 /* Example */,
				6DCA845D1636BFBC0091D31F /* Products */,
			);
			sourceTree = "<group>";
		};
		6DCA845D1636BFBC0091D31F /* Products */ = {
			isa = PBXGroup;
			children = (
				6DCA845C1636BFBC0091D31F /* CubeClassifier */,
				6D5E7BB516F2AF1E008722A3 /* CreateTestTree */,
				D00F587717C2B8DD00AD99C6 /* Example */,
				D00F589517C2BBE800AD99C6 /* CreateTestTree */,
			);
			name = Products;
			sourceTree = "<group>";
		};
		6DCA845F1636BFBC0091D31F /* CubeClassifier */ = {
			isa = PBXGroup;
			children = (
				D089CF131C040C510038793C /* Base.cpp */,
				D089CF141C040C510038793C /* Base.hpp */,
				D00F589B17C2ED2000AD99C6 /* IO.cpp */,
				D00F589C17C2ED2000AD99C6 /* IO.h */,
				6DCA84691636BFEE0091D31F /* main.cpp */,
				6DCA85DE1639B06D0091D31F /* Eval.h */,
				6DCA85DF1639B0820091D31F /* Eval.cpp */,
				6DCA85E11639B0900091D31F /* Classify.cpp */,
				6DCA85E31639B09F0091D31F /* Classify.h */,
				6DCA85E4163A929A0091D31F /* BaseClassifier.cpp */,
				6DCA85E6163A92A80091D31F /* BaseClassifier.h */,
				6DCA846A1636BFEE0091D31F /* normdata.cl */,
				6DCA846B1636BFEE0091D31F /* fillcube.cl */,
				6DCA85EF163DB8EE0091D31F /* fillcubefull.cl */,
				6DCA85F1163DB9810091D31F /* fillcube2full.cl */,
				6DCA85F2163DB98C0091D31F /* fillcube3full.cl */,
				6DCA85E7163A96740091D31F /* fillcube2.cl */,
				6DCA85E9163A96810091D31F /* fillcube3.cl */,
				6DCA846C1636BFEE0091D31F /* calccuberesult.cl */,
				6DCA846D1636BFEE0091D31F /* Cube.h */,
				6DCA846E1636BFEE0091D31F /* Cube.cpp */,
				6DCA846F1636BFEE0091D31F /* Data.h */,
				6DCA84701636BFEE0091D31F /* Data.cpp */,
				6DCA84711636BFEE0091D31F /* CubeClassifier.1 */,
				6DCA85DB163976ED0091D31F /* Interface.h */,
				6DCA85DC1639774A0091D31F /* Interface.cpp */,
				D042ABC41BF25E7C00C2E532 /* PreProcess.cpp */,
				D042ABC51BF25E7C00C2E532 /* PreProcess.hpp */,
			);
			path = CubeClassifier;
			sourceTree = "<group>";
		};
		D037716717BEA9AC00C05518 /* Example */ = {
			isa = PBXGroup;
			children = (
				D037716817BEA9AC00C05518 /* main.cpp */,
				D037716A17BEA9AC00C05518 /* Example.1 */,
			);
			path = Example;
			sourceTree = "<group>";
		};
/* End PBXGroup section */

/* Begin PBXLegacyTarget section */
		6DF37B0316F256E5006C5F17 /* StartROOT */ = {
			isa = PBXLegacyTarget;
			buildArgumentsString = "$(ACTION)";
			buildConfigurationList = 6DF37B0416F256E5006C5F17 /* Build configuration list for PBXLegacyTarget "StartROOT" */;
			buildPhases = (
			);
			buildToolPath = "/Users/usmjonathanmiller/Dropbox/CubeClassifier/env-shell.sh";
			buildWorkingDirectory = /Users/usmjonathanmiller/Dropbox/CubeClassifier;
			dependencies = (
			);
			name = StartROOT;
			passBuildSettingsInEnvironment = 1;
			productName = StartROOT;
		};
/* End PBXLegacyTarget section */

/* Begin PBXNativeTarget section */
		6D5E7BB416F2AF1E008722A3 /* CreateTestTree */ = {
			isa = PBXNativeTarget;
			buildConfigurationList = 6D5E7BBE16F2AF1E008722A3 /* Build configuration list for PBXNativeTarget "CreateTestTree" */;
			buildPhases = (
				6D5E7BB116F2AF1E008722A3 /* Sources */,
				6D5E7BB216F2AF1E008722A3 /* Frameworks */,
				6D5E7BB316F2AF1E008722A3 /* CopyFiles */,
			);
			buildRules = (
			);
			dependencies = (
			);
			name = CreateTestTree;
			productName = CreateTestTree;
			productReference = 6D5E7BB516F2AF1E008722A3 /* CreateTestTree */;
			productType = "com.apple.product-type.tool";
		};
		6DCA845B1636BFBC0091D31F /* CubeClassifier */ = {
			isa = PBXNativeTarget;
			buildConfigurationList = 6DCA84661636BFBC0091D31F /* Build configuration list for PBXNativeTarget "CubeClassifier" */;
			buildPhases = (
				6DCA84581636BFBC0091D31F /* Sources */,
				6DCA84591636BFBC0091D31F /* Frameworks */,
				6DCA845A1636BFBC0091D31F /* CopyFiles */,
			);
			buildRules = (
			);
			dependencies = (
			);
			name = CubeClassifier;
			productName = CubeClassifier;
			productReference = 6DCA845C1636BFBC0091D31F /* CubeClassifier */;
			productType = "com.apple.product-type.tool";
		};
		D00F585D17C2B8DD00AD99C6 /* CubeClassifier copy */ = {
			isa = PBXNativeTarget;
			buildConfigurationList = D00F587417C2B8DD00AD99C6 /* Build configuration list for PBXNativeTarget "CubeClassifier copy" */;
			buildPhases = (
				D00F587817C2B92A00AD99C6 /* Sources */,
				D00F587A17C2B94D00AD99C6 /* Frameworks */,
				D00F587317C2B8DD00AD99C6 /* CopyFiles */,
			);
			buildRules = (
			);
			dependencies = (
			);
			name = "CubeClassifier copy";
			productName = CubeClassifier;
			productReference = D00F587717C2B8DD00AD99C6 /* Example */;
			productType = "com.apple.product-type.tool";
		};
		D00F587B17C2BBE800AD99C6 /* CubeClassifier copy 2 */ = {
			isa = PBXNativeTarget;
			buildConfigurationList = D00F589217C2BBE800AD99C6 /* Build configuration list for PBXNativeTarget "CubeClassifier copy 2" */;
			buildPhases = (
				D00F587E17C2BBE800AD99C6 /* Sources */,
				D00F588F17C2BBE800AD99C6 /* Frameworks */,
				D00F589117C2BBE800AD99C6 /* CopyFiles */,
			);
			buildRules = (
			);
			dependencies = (
			);
			name = "CubeClassifier copy 2";
			productName = CubeClassifier;
			productReference = D00F589517C2BBE800AD99C6 /* CreateTestTree */;
			productType = "com.apple.product-type.tool";
		};
/* End PBXNativeTarget section */

/* Begin PBXProject section */
		6DCA84531636BFBC0091D31F /* Project object */ = {
			isa = PBXProject;
			attributes = {
				LastUpgradeCheck = 0500;
				ORGANIZATIONNAME = UTFSM;
			};
			buildConfigurationList = 6DCA84561636BFBC0091D31F /* Build configuration list for PBXProject "CubeClassifier" */;
			compatibilityVersion = "Xcode 3.2";
			developmentRegion = English;
			hasScannedForEncodings = 0;
			knownRegions = (
				en,
			);
			mainGroup = 6DCA84511636BFBC0091D31F;
			productRefGroup = 6DCA845D1636BFBC0091D31F /* Products */;
			projectDirPath = "";
			projectRoot = "";
			targets = (
				6DCA845B1636BFBC0091D31F /* CubeClassifier */,
				6DF37B0316F256E5006C5F17 /* StartROOT */,
				6D5E7BB416F2AF1E008722A3 /* CreateTestTree */,
				D00F585D17C2B8DD00AD99C6 /* CubeClassifier copy */,
				D00F587B17C2BBE800AD99C6 /* CubeClassifier copy 2 */,
			);
		};
/* End PBXProject section */

/* Begin PBXSourcesBuildPhase section */
		6D5E7BB116F2AF1E008722A3 /* Sources */ = {
			isa = PBXSourcesBuildPhase;
			buildActionMask = 2147483647;
			files = (
				6D5E7BB916F2AF1E008722A3 /* main.cpp in Sources */,
				6D5E7BC316F2B309008722A3 /* CreateTestTree.cpp in Sources */,
			);
			runOnlyForDeploymentPostprocessing = 0;
		};
		6DCA84581636BFBC0091D31F /* Sources */ = {
			isa = PBXSourcesBuildPhase;
			buildActionMask = 2147483647;
			files = (
				6DCA85EE163AD3320091D31F /* Interface.cpp in Sources */,
				6DCA85ED163AD32D0091D31F /* Interface.h in Sources */,
				6DCA84721636BFEE0091D31F /* main.cpp in Sources */,
				D042ABC61BF25E7C00C2E532 /* PreProcess.cpp in Sources */,
				6DCA84731636BFEE0091D31F /* normdata.cl in Sources */,
				6DCA84741636BFEE0091D31F /* fillcube.cl in Sources */,
				6DCA84751636BFEE0091D31F /* calccuberesult.cl in Sources */,
				6DCA84761636BFEE0091D31F /* Cube.cpp in Sources */,
				6DCA84771636BFEE0091D31F /* Data.cpp in Sources */,
				6DCA85E8163A96740091D31F /* fillcube2.cl in Sources */,
				6DCA85EA163A96820091D31F /* fillcube3.cl in Sources */,
				D089CF151C040C510038793C /* Base.cpp in Sources */,
				6DCA85F0163DB8EE0091D31F /* fillcubefull.cl in Sources */,
				6DCA85F3163DB9E70091D31F /* fillcube3full.cl in Sources */,
				6DCA85F4163DB9E90091D31F /* fillcube2full.cl in Sources */,
				6DF31D5C16D3F8CE001E9151 /* BaseClassifier.cpp in Sources */,
				6DF37B0216F24773006C5F17 /* Classify.cpp in Sources */,
				6D1E1FD816FA2B9D001AB4F0 /* Eval.cpp in Sources */,
				D00F589D17C2ED2000AD99C6 /* IO.cpp in Sources */,
			);
			runOnlyForDeploymentPostprocessing = 0;
		};
		D00F587817C2B92A00AD99C6 /* Sources */ = {
			isa = PBXSourcesBuildPhase;
			buildActionMask = 2147483647;
			files = (
				D00F587917C2B93800AD99C6 /* main.cpp in Sources */,
			);
			runOnlyForDeploymentPostprocessing = 0;
		};
		D00F587E17C2BBE800AD99C6 /* Sources */ = {
			isa = PBXSourcesBuildPhase;
			buildActionMask = 2147483647;
			files = (
				D00F589717C2BC4600AD99C6 /* CreateTestTree.cpp in Sources */,
				D00F589617C2BC4100AD99C6 /* main.cpp in Sources */,
			);
			runOnlyForDeploymentPostprocessing = 0;
		};
/* End PBXSourcesBuildPhase section */

/* Begin XCBuildConfiguration section */
		6D5E7BBC16F2AF1E008722A3 /* Debug */ = {
			isa = XCBuildConfiguration;
			buildSettings = {
				ALWAYS_SEARCH_USER_PATHS = YES;
				HEADER_SEARCH_PATHS = "/Users/usmjonathanmiller/IceCube/i3/ports/root-v5.34.04/include/";
				LD_RUNPATH_SEARCH_PATHS = /Users/usmjonathanmiller/IceCube/root/lib;
				LIBRARY_SEARCH_PATHS = (
					"$(inherited)",
					"/Users/usmjonathanmiller/IceCube/i3/ports/root-v5.34.04/lib/**",
				);
				OTHER_LDFLAGS = (
					"-lGui",
					"-lCore",
					"-lCint",
					"-lRIO",
					"-lNet",
					"-lHist",
					"-lGraf",
					"-lGraf3d",
					"-lGpad",
					"-lTree",
					"-lRint",
					"-lPostscript",
					"-lMatrix",
					"-lPhysics",
					"-lMathCore",
					"-lThread",
					"-lpthread",
					"-lm",
					"-ldl",
				);
				PRODUCT_NAME = "$(TARGET_NAME)";
			};
			name = Debug;
		};
		6D5E7BBD16F2AF1E008722A3 /* Release */ = {
			isa = XCBuildConfiguration;
			buildSettings = {
				ALWAYS_SEARCH_USER_PATHS = YES;
				HEADER_SEARCH_PATHS = "/Users/usmjonathanmiller/IceCube/i3/ports/root-v5.34.04/include/";
				LD_RUNPATH_SEARCH_PATHS = /Users/usmjonathanmiller/IceCube/root/lib;
				LIBRARY_SEARCH_PATHS = (
					"$(inherited)",
					"/Users/usmjonathanmiller/IceCube/i3/ports/root-v5.34.04/lib/**",
				);
				OTHER_LDFLAGS = (
					"-lGui",
					"-lCore",
					"-lCint",
					"-lRIO",
					"-lNet",
					"-lHist",
					"-lGraf",
					"-lGraf3d",
					"-lGpad",
					"-lTree",
					"-lRint",
					"-lPostscript",
					"-lMatrix",
					"-lPhysics",
					"-lMathCore",
					"-lThread",
					"-lpthread",
					"-lm",
					"-ldl",
				);
				PRODUCT_NAME = "$(TARGET_NAME)";
			};
			name = Release;
		};
		6DCA84641636BFBC0091D31F /* Debug */ = {
			isa = XCBuildConfiguration;
			buildSettings = {
				ALWAYS_SEARCH_USER_PATHS = YES;
				CLANG_ENABLE_OBJC_ARC = YES;
				CLANG_WARN_BOOL_CONVERSION = YES;
				CLANG_WARN_CONSTANT_CONVERSION = YES;
				CLANG_WARN_EMPTY_BODY = YES;
				CLANG_WARN_ENUM_CONVERSION = YES;
				CLANG_WARN_INT_CONVERSION = YES;
				CLANG_WARN__DUPLICATE_METHOD_MATCH = YES;
				COPY_PHASE_STRIP = NO;
				GCC_C_LANGUAGE_STANDARD = gnu99;
				GCC_DYNAMIC_NO_PIC = NO;
				GCC_ENABLE_OBJC_EXCEPTIONS = YES;
				GCC_OPTIMIZATION_LEVEL = 0;
				GCC_PREPROCESSOR_DEFINITIONS = (
					"DEBUG=1",
					"$(inherited)",
				);
				GCC_SYMBOLS_PRIVATE_EXTERN = NO;
				GCC_VERSION = com.apple.compilers.llvm.clang.1_0;
				GCC_WARN_64_TO_32_BIT_CONVERSION = YES;
				GCC_WARN_ABOUT_MISSING_PROTOTYPES = YES;
				GCC_WARN_ABOUT_RETURN_TYPE = YES;
				GCC_WARN_UNDECLARED_SELECTOR = YES;
				GCC_WARN_UNINITIALIZED_AUTOS = YES;
				GCC_WARN_UNUSED_FUNCTION = YES;
				GCC_WARN_UNUSED_VARIABLE = YES;
				MACOSX_DEPLOYMENT_TARGET = 10.10;
				ONLY_ACTIVE_ARCH = YES;
				SDKROOT = macosx;
			};
			name = Debug;
		};
		6DCA84651636BFBC0091D31F /* Release */ = {
			isa = XCBuildConfiguration;
			buildSettings = {
				ALWAYS_SEARCH_USER_PATHS = YES;
				CLANG_ENABLE_OBJC_ARC = YES;
				CLANG_WARN_BOOL_CONVERSION = YES;
				CLANG_WARN_CONSTANT_CONVERSION = YES;
				CLANG_WARN_EMPTY_BODY = YES;
				CLANG_WARN_ENUM_CONVERSION = YES;
				CLANG_WARN_INT_CONVERSION = YES;
				CLANG_WARN__DUPLICATE_METHOD_MATCH = YES;
				COPY_PHASE_STRIP = YES;
				DEBUG_INFORMATION_FORMAT = "dwarf-with-dsym";
				GCC_C_LANGUAGE_STANDARD = gnu99;
				GCC_ENABLE_OBJC_EXCEPTIONS = YES;
				GCC_VERSION = com.apple.compilers.llvm.clang.1_0;
				GCC_WARN_64_TO_32_BIT_CONVERSION = YES;
				GCC_WARN_ABOUT_MISSING_PROTOTYPES = YES;
				GCC_WARN_ABOUT_RETURN_TYPE = YES;
				GCC_WARN_UNDECLARED_SELECTOR = YES;
				GCC_WARN_UNINITIALIZED_AUTOS = YES;
				GCC_WARN_UNUSED_FUNCTION = YES;
				GCC_WARN_UNUSED_VARIABLE = YES;
				MACOSX_DEPLOYMENT_TARGET = 10.10;
				SDKROOT = macosx;
			};
			name = Release;
		};
		6DCA84671636BFBC0091D31F /* Debug */ = {
			isa = XCBuildConfiguration;
			buildSettings = {
				HEADER_SEARCH_PATHS = /usr/local/Cellar/root/5.34.26/include/root;
				LD_RUNPATH_SEARCH_PATHS = /usr/local/Cellar/root/5.34.26;
				LIBRARY_SEARCH_PATHS = (
					"$(inherited)",
					"/usr/local/Cellar/root/5.34.26/lib/**",
				);
				OTHER_LDFLAGS = (
					"-lGui",
					"-lCore",
					"-lCint",
					"-lRIO",
					"-lNet",
					"-lHist",
					"-lGraf",
					"-lGraf3d",
					"-lGpad",
					"-lTree",
					"-lRint",
					"-lPostscript",
					"-lMatrix",
					"-lPhysics",
					"-lMathCore",
					"-lThread",
					"-lpthread",
					"-lm",
					"-ldl",
				);
				PRODUCT_NAME = "$(TARGET_NAME)";
			};
			name = Debug;
		};
		6DCA84681636BFBC0091D31F /* Release */ = {
			isa = XCBuildConfiguration;
			buildSettings = {
				HEADER_SEARCH_PATHS = /usr/local/Cellar/root/5.34.26/include/root;
				LD_RUNPATH_SEARCH_PATHS = /usr/local/Cellar/root/5.34.26;
				LIBRARY_SEARCH_PATHS = (
					"$(inherited)",
					"/usr/local/Cellar/root/5.34.26/lib/**",
				);
				OTHER_LDFLAGS = (
					"-lGui",
					"-lCore",
					"-lCint",
					"-lRIO",
					"-lNet",
					"-lHist",
					"-lGraf",
					"-lGraf3d",
					"-lGpad",
					"-lTree",
					"-lRint",
					"-lPostscript",
					"-lMatrix",
					"-lPhysics",
					"-lMathCore",
					"-lThread",
					"-lpthread",
					"-lm",
					"-ldl",
				);
				PRODUCT_NAME = "$(TARGET_NAME)";
			};
			name = Release;
		};
		6DF37B0516F256E5006C5F17 /* Debug */ = {
			isa = XCBuildConfiguration;
			buildSettings = {
				ALWAYS_SEARCH_USER_PATHS = NO;
				COMBINE_HIDPI_IMAGES = YES;
				DEBUGGING_SYMBOLS = YES;
				GCC_GENERATE_DEBUGGING_SYMBOLS = YES;
				GCC_OPTIMIZATION_LEVEL = 0;
				OTHER_CFLAGS = "";
				OTHER_LDFLAGS = "";
				PRODUCT_NAME = "$(TARGET_NAME)";
			};
			name = Debug;
		};
		6DF37B0616F256E5006C5F17 /* Release */ = {
			isa = XCBuildConfiguration;
			buildSettings = {
				ALWAYS_SEARCH_USER_PATHS = NO;
				COMBINE_HIDPI_IMAGES = YES;
				OTHER_CFLAGS = "";
				OTHER_LDFLAGS = "";
				PRODUCT_NAME = "$(TARGET_NAME)";
			};
			name = Release;
		};
		D00F587517C2B8DD00AD99C6 /* Debug */ = {
			isa = XCBuildConfiguration;
			buildSettings = {
				HEADER_SEARCH_PATHS = "/Users/usmjonathanmiller/IceCube/i3/ports/root-v5.34.04/include/";
				LD_RUNPATH_SEARCH_PATHS = "/Users/usmjonathanmiller/IceCube/i3/ports/root-v5.34.04/lib/";
				LIBRARY_SEARCH_PATHS = (
					"$(inherited)",
					"/Users/usmjonathanmiller/IceCube/i3/ports/root-v5.34.04/lib/**",
				);
				OTHER_LDFLAGS = (
					"-lGui",
					"-lCore",
					"-lCint",
					"-lRIO",
					"-lNet",
					"-lHist",
					"-lGraf",
					"-lGraf3d",
					"-lGpad",
					"-lTree",
					"-lRint",
					"-lPostscript",
					"-lMatrix",
					"-lPhysics",
					"-lMathCore",
					"-lThread",
					"-lpthread",
					"-lm",
					"-ldl",
					"-lTMVA",
				);
				PRODUCT_NAME = Example;
			};
			name = Debug;
		};
		D00F587617C2B8DD00AD99C6 /* Release */ = {
			isa = XCBuildConfiguration;
			buildSettings = {
				HEADER_SEARCH_PATHS = "/Users/usmjonathanmiller/IceCube/i3/ports/root-v5.34.04/include/";
				LD_RUNPATH_SEARCH_PATHS = "/Users/usmjonathanmiller/IceCube/i3/ports/root-v5.34.04/lib/";
				LIBRARY_SEARCH_PATHS = (
					"$(inherited)",
					"/Users/usmjonathanmiller/IceCube/i3/ports/root-v5.34.04/lib/**",
				);
				OTHER_LDFLAGS = (
					"-lGui",
					"-lCore",
					"-lCint",
					"-lRIO",
					"-lNet",
					"-lHist",
					"-lGraf",
					"-lGraf3d",
					"-lGpad",
					"-lTree",
					"-lRint",
					"-lPostscript",
					"-lMatrix",
					"-lPhysics",
					"-lMathCore",
					"-lThread",
					"-lpthread",
					"-lm",
					"-ldl",
					"-lTMVA",
				);
				PRODUCT_NAME = Example;
			};
			name = Release;
		};
		D00F589317C2BBE800AD99C6 /* Debug */ = {
			isa = XCBuildConfiguration;
			buildSettings = {
				HEADER_SEARCH_PATHS = "/Users/usmjonathanmiller/IceCube/i3/ports/root-v5.34.04/include/";
				LD_RUNPATH_SEARCH_PATHS = "/Users/usmjonathanmiller/IceCube/i3/ports/root-v5.34.04/lib/";
				LIBRARY_SEARCH_PATHS = (
					"$(inherited)",
					"/Users/usmjonathanmiller/IceCube/i3/ports/root-v5.34.04/lib/**",
				);
				OTHER_LDFLAGS = (
					"-lGui",
					"-lCore",
					"-lCint",
					"-lRIO",
					"-lNet",
					"-lHist",
					"-lGraf",
					"-lGraf3d",
					"-lGpad",
					"-lTree",
					"-lRint",
					"-lPostscript",
					"-lMatrix",
					"-lPhysics",
					"-lMathCore",
					"-lThread",
					"-lpthread",
					"-lm",
					"-ldl",
				);
				PRODUCT_NAME = CreateTestTree;
			};
			name = Debug;
		};
		D00F589417C2BBE800AD99C6 /* Release */ = {
			isa = XCBuildConfiguration;
			buildSettings = {
				HEADER_SEARCH_PATHS = "/Users/usmjonathanmiller/IceCube/i3/ports/root-v5.34.04/include/";
				LD_RUNPATH_SEARCH_PATHS = "/Users/usmjonathanmiller/IceCube/i3/ports/root-v5.34.04/lib/";
				LIBRARY_SEARCH_PATHS = (
					"$(inherited)",
					"/Users/usmjonathanmiller/IceCube/i3/ports/root-v5.34.04/lib/**",
				);
				OTHER_LDFLAGS = (
					"-lGui",
					"-lCore",
					"-lCint",
					"-lRIO",
					"-lNet",
					"-lHist",
					"-lGraf",
					"-lGraf3d",
					"-lGpad",
					"-lTree",
					"-lRint",
					"-lPostscript",
					"-lMatrix",
					"-lPhysics",
					"-lMathCore",
					"-lThread",
					"-lpthread",
					"-lm",
					"-ldl",
				);
				PRODUCT_NAME = CreateTestTree;
			};
			name = Release;
		};
/* End XCBuildConfiguration section */

/* Begin XCConfigurationList section */
		6D5E7BBE16F2AF1E008722A3 /* Build configuration list for PBXNativeTarget "CreateTestTree" */ = {
			isa = XCConfigurationList;
			buildConfigurations = (
				6D5E7BBC16F2AF1E008722A3 /* Debug */,
				6D5E7BBD16F2AF1E008722A3 /* Release */,
			);
			defaultConfigurationIsVisible = 0;
			defaultConfigurationName = Release;
		};
		6DCA84561636BFBC0091D31F /* Build configuration list for PBXProject "CubeClassifier" */ = {
			isa = XCConfigurationList;
			buildConfigurations = (
				6DCA84641636BFBC0091D31F /* Debug */,
				6DCA84651636BFBC0091D31F /* Release */,
			);
			defaultConfigurationIsVisible = 0;
			defaultConfigurationName = Release;
		};
		6DCA84661636BFBC0091D31F /* Build configuration list for PBXNativeTarget "CubeClassifier" */ = {
			isa = XCConfigurationList;
			buildConfigurations = (
				6DCA84671636BFBC0091D31F /* Debug */,
				6DCA84681636BFBC0091D31F /* Release */,
			);
			defaultConfigurationIsVisible = 0;
			defaultConfigurationName = Release;
		};
		6DF37B0416F256E5006C5F17 /* Build configuration list for PBXLegacyTarget "StartROOT" */ = {
			isa = XCConfigurationList;
			buildConfigurations = (
				6DF37B0516F256E5006C5F17 /* Debug */,
				6DF37B0616F256E5006C5F17 /* Release */,
			);
			defaultConfigurationIsVisible = 0;
			defaultConfigurationName = Release;
		};
		D00F587417C2B8DD00AD99C6 /* Build configuration list for PBXNativeTarget "CubeClassifier copy" */ = {
			isa = XCConfigurationList;
			buildConfigurations = (
				D00F587517C2B8DD00AD99C6 /* Debug */,
				D00F587617C2B8DD00AD99C6 /* Release */,
			);
			defaultConfigurationIsVisible = 0;
			defaultConfigurationName = Release;
		};
		D00F589217C2BBE800AD99C6 /* Build configuration list for PBXNativeTarget "CubeClassifier copy 2" */ = {
			isa = XCConfigurationList;
			buildConfigurations = (
				D00F589317C2BBE800AD99C6 /* Debug */,
				D00F589417C2BBE800AD99C6 /* Release */,
			);
			defaultConfigurationIsVisible = 0;
			defaultConfigurationName = Release;
		};
/* End XCConfigurationList section */
	};
	rootObject = 6DCA84531636BFBC0091D31F /* Project object */;
}
