// !$*UTF8*$!
{
	archiveVersion = 1;
	classes = {
	};
	objectVersion = 46;
	objects = {

/* Begin PBXBuildFile section */
		6DCA84611636BFBC0091D31F /* main.cpp in Sources */ = {isa = PBXBuildFile; fileRef = 6DCA84601636BFBC0091D31F /* main.cpp */; };
		6DCA84631636BFBC0091D31F /* CubeClassifier.1 in CopyFiles */ = {isa = PBXBuildFile; fileRef = 6DCA84621636BFBC0091D31F /* CubeClassifier.1 */; };
/* End PBXBuildFile section */

/* Begin PBXCopyFilesBuildPhase section */
		6DCA845A1636BFBC0091D31F /* CopyFiles */ = {
			isa = PBXCopyFilesBuildPhase;
			buildActionMask = 2147483647;
			dstPath = /usr/share/man/man1/;
			dstSubfolderSpec = 0;
			files = (
				6DCA84631636BFBC0091D31F /* CubeClassifier.1 in CopyFiles */,
			);
			runOnlyForDeploymentPostprocessing = 1;
		};
/* End PBXCopyFilesBuildPhase section */

/* Begin PBXFileReference section */
		6DCA845C1636BFBC0091D31F /* CubeClassifier */ = {isa = PBXFileReference; explicitFileType = "compiled.mach-o.executable"; includeInIndex = 0; path = CubeClassifier; sourceTree = BUILT_PRODUCTS_DIR; };
		6DCA84601636BFBC0091D31F /* main.cpp */ = {isa = PBXFileReference; lastKnownFileType = sourcecode.cpp.cpp; path = main.cpp; sourceTree = "<group>"; };
		6DCA84621636BFBC0091D31F /* CubeClassifier.1 */ = {isa = PBXFileReference; lastKnownFileType = text.man; path = CubeClassifier.1; sourceTree = "<group>"; };
/* End PBXFileReference section */

/* Begin PBXFrameworksBuildPhase section */
		6DCA84591636BFBC0091D31F /* Frameworks */ = {
			isa = PBXFrameworksBuildPhase;
			buildActionMask = 2147483647;
			files = (
			);
			runOnlyForDeploymentPostprocessing = 0;
		};
/* End PBXFrameworksBuildPhase section */

/* Begin PBXGroup section */
		6DCA84511636BFBC0091D31F = {
			isa = PBXGroup;
			children = (
				6DCA845F1636BFBC0091D31F /* CubeClassifier */,
				6DCA845D1636BFBC0091D31F /* Products */,
			);
			sourceTree = "<group>";
		};
		6DCA845D1636BFBC0091D31F /* Products */ = {
			isa = PBXGroup;
			children = (
				6DCA845C1636BFBC0091D31F /* CubeClassifier */,
			);
			name = Products;
			sourceTree = "<group>";
		};
		6DCA845F1636BFBC0091D31F /* CubeClassifier */ = {
			isa = PBXGroup;
			children = (
				6DCA84601636BFBC0091D31F /* main.cpp */,
				6DCA84621636BFBC0091D31F /* CubeClassifier.1 */,
			);
			path = CubeClassifier;
			sourceTree = "<group>";
		};
/* End PBXGroup section */

/* Begin PBXNativeTarget section */
		6DCA845B1636BFBC0091D31F /* CubeClassifier */ = {
			isa = PBXNativeTarget;
			buildConfigurationList = 6DCA84661636BFBC0091D31F /* Build configuration list for PBXNativeTarget "CubeClassifier" */;
			buildPhases = (
				6DCA84581636BFBC0091D31F /* Sources */,
				6DCA84591636BFBC0091D31F /* Frameworks */,
				6DCA845A1636BFBC0091D31F /* CopyFiles */,
			);
			buildRules = (
			);
			dependencies = (
			);
			name = CubeClassifier;
			productName = CubeClassifier;
			productReference = 6DCA845C1636BFBC0091D31F /* CubeClassifier */;
			productType = "com.apple.product-type.tool";
		};
/* End PBXNativeTarget section */

/* Begin PBXProject section */
		6DCA84531636BFBC0091D31F /* Project object */ = {
			isa = PBXProject;
			attributes = {
				LastUpgradeCheck = 0420;
				ORGANIZATIONNAME = "Uppsala Vrije Universiteit Brussel";
			};
			buildConfigurationList = 6DCA84561636BFBC0091D31F /* Build configuration list for PBXProject "CubeClassifier" */;
			compatibilityVersion = "Xcode 3.2";
			developmentRegion = English;
			hasScannedForEncodings = 0;
			knownRegions = (
				en,
			);
			mainGroup = 6DCA84511636BFBC0091D31F;
			productRefGroup = 6DCA845D1636BFBC0091D31F /* Products */;
			projectDirPath = "";
			projectRoot = "";
			targets = (
				6DCA845B1636BFBC0091D31F /* CubeClassifier */,
			);
		};
/* End PBXProject section */

/* Begin PBXSourcesBuildPhase section */
		6DCA84581636BFBC0091D31F /* Sources */ = {
			isa = PBXSourcesBuildPhase;
			buildActionMask = 2147483647;
			files = (
				6DCA84611636BFBC0091D31F /* main.cpp in Sources */,
			);
			runOnlyForDeploymentPostprocessing = 0;
		};
/* End PBXSourcesBuildPhase section */

/* Begin XCBuildConfiguration section */
		6DCA84641636BFBC0091D31F /* Debug */ = {
			isa = XCBuildConfiguration;
			buildSettings = {
				ALWAYS_SEARCH_USER_PATHS = NO;
				ARCHS = "$(ARCHS_STANDARD_64_BIT)";
				CLANG_ENABLE_OBJC_ARC = YES;
				COPY_PHASE_STRIP = NO;
				GCC_C_LANGUAGE_STANDARD = gnu99;
				GCC_DYNAMIC_NO_PIC = NO;
				GCC_ENABLE_OBJC_EXCEPTIONS = YES;
				GCC_OPTIMIZATION_LEVEL = 0;
				GCC_PREPROCESSOR_DEFINITIONS = (
					"DEBUG=1",
					"$(inherited)",
				);
				GCC_SYMBOLS_PRIVATE_EXTERN = NO;
				GCC_VERSION = com.apple.compilers.llvm.clang.1_0;
				GCC_WARN_64_TO_32_BIT_CONVERSION = YES;
				GCC_WARN_ABOUT_MISSING_PROTOTYPES = YES;
				GCC_WARN_ABOUT_RETURN_TYPE = YES;
				GCC_WARN_UNUSED_VARIABLE = YES;
				MACOSX_DEPLOYMENT_TARGET = 10.7;
				ONLY_ACTIVE_ARCH = YES;
				SDKROOT = macosx;
			};
			name = Debug;
		};
		6DCA84651636BFBC0091D31F /* Release */ = {
			isa = XCBuildConfiguration;
			buildSettings = {
				ALWAYS_SEARCH_USER_PATHS = NO;
				ARCHS = "$(ARCHS_STANDARD_64_BIT)";
				CLANG_ENABLE_OBJC_ARC = YES;
				COPY_PHASE_STRIP = YES;
				DEBUG_INFORMATION_FORMAT = "dwarf-with-dsym";
				GCC_C_LANGUAGE_STANDARD = gnu99;
				GCC_ENABLE_OBJC_EXCEPTIONS = YES;
				GCC_VERSION = com.apple.compilers.llvm.clang.1_0;
				GCC_WARN_64_TO_32_BIT_CONVERSION = YES;
				GCC_WARN_ABOUT_MISSING_PROTOTYPES = YES;
				GCC_WARN_ABOUT_RETURN_TYPE = YES;
				GCC_WARN_UNUSED_VARIABLE = YES;
				MACOSX_DEPLOYMENT_TARGET = 10.7;
				SDKROOT = macosx;
			};
			name = Release;
		};
		6DCA84671636BFBC0091D31F /* Debug */ = {
			isa = XCBuildConfiguration;
			buildSettings = {
				PRODUCT_NAME = "$(TARGET_NAME)";
			};
			name = Debug;
		};
		6DCA84681636BFBC0091D31F /* Release */ = {
			isa = XCBuildConfiguration;
			buildSettings = {
				PRODUCT_NAME = "$(TARGET_NAME)";
			};
			name = Release;
		};
/* End XCBuildConfiguration section */

/* Begin XCConfigurationList section */
		6DCA84561636BFBC0091D31F /* Build configuration list for PBXProject "CubeClassifier" */ = {
			isa = XCConfigurationList;
			buildConfigurations = (
				6DCA84641636BFBC0091D31F /* Debug */,
				6DCA84651636BFBC0091D31F /* Release */,
			);
			defaultConfigurationIsVisible = 0;
			defaultConfigurationName = Release;
		};
		6DCA84661636BFBC0091D31F /* Build configuration list for PBXNativeTarget "CubeClassifier" */ = {
			isa = XCConfigurationList;
			buildConfigurations = (
				6DCA84671636BFBC0091D31F /* Debug */,
				6DCA84681636BFBC0091D31F /* Release */,
			);
			defaultConfigurationIsVisible = 0;
		};
/* End XCConfigurationList section */
	};
	rootObject = 6DCA84531636BFBC0091D31F /* Project object */;
}
